
Microsoft Visual Studio Solution File, Format Version 12.00
# Visual Studio Version 17
VisualStudioVersion = 17.0.32014.148
MinimumVisualStudioVersion = 10.0.40219.1
Project("{FAE04EC0-301F-11D3-BF4B-00C04F79EFBC}") = "Nick.HtmlParser", "Nick.HtmlParser\Nick.HtmlParser.csproj", "{6D25A41A-5354-40BB-81DE-8D9B450D0C01}"
EndProject
Project("{FAE04EC0-301F-11D3-BF4B-00C04F79EFBC}") = "Test", "Test\Test.csproj", "{F7FE205B-C707-46A1-9597-7A6EC8D5DF9E}"
EndProject
Global
	GlobalSection(SolutionConfigurationPlatforms) = preSolution
		Debug|Any CPU = Debug|Any CPU
		Release|Any CPU = Release|Any CPU
	EndGlobalSection
	GlobalSection(ProjectConfigurationPlatforms) = postSolution
		{6D25A41A-5354-40BB-81DE-8D9B450D0C01}.Debug|Any CPU.ActiveCfg = Debug|Any CPU
		{6D25A41A-5354-40BB-81DE-8D9B450D0C01}.Debug|Any CPU.Build.0 = Debug|Any CPU
		{6D25A41A-5354-40BB-81DE-8D9B450D0C01}.Release|Any CPU.ActiveCfg = Release|Any CPU
		{6D25A41A-5354-40BB-81DE-8D9B450D0C01}.Release|Any CPU.Build.0 = Release|Any CPU
		{F7FE205B-C707-46A1-9597-7A6EC8D5DF9E}.Debug|Any CPU.ActiveCfg = Debug|Any CPU
		{F7FE205B-C707-46A1-9597-7A6EC8D5DF9E}.Debug|Any CPU.Build.0 = Debug|Any CPU
		{F7FE205B-C707-46A1-9597-7A6EC8D5DF9E}.Release|Any CPU.ActiveCfg = Release|Any CPU
		{F7FE205B-C707-46A1-9597-7A6EC8D5DF9E}.Release|Any CPU.Build.0 = Release|Any CPU
	EndGlobalSection
	GlobalSection(SolutionProperties) = preSolution
		HideSolutionNode = FALSE
	EndGlobalSection
	GlobalSection(ExtensibilityGlobals) = postSolution
		SolutionGuid = {C454B464-C701-4820-B0BA-E1B757B6C5E6}
	EndGlobalSection
EndGlobal
